
Microsoft Visual Studio Solution File, Format Version 12.00
# Visual Studio Version 17
VisualStudioVersion = 17.7.33913.275
MinimumVisualStudioVersion = 10.0.40219.1
Project("{9A19103F-16F7-4668-BE54-9A1E7A4F7556}") = "AspPro7Examples", "AspPro7Examples.csproj", "{89E92DC0-C7E4-4D2C-BD10-D8C4E946AE7B}"
EndProject
Global
	GlobalSection(SolutionConfigurationPlatforms) = preSolution
		Debug|Any CPU = Debug|Any CPU
		Release|Any CPU = Release|Any CPU
	EndGlobalSection
	GlobalSection(ProjectConfigurationPlatforms) = postSolution
		{89E92DC0-C7E4-4D2C-BD10-D8C4E946AE7B}.Debug|Any CPU.ActiveCfg = Debug|Any CPU
		{89E92DC0-C7E4-4D2C-BD10-D8C4E946AE7B}.Debug|Any CPU.Build.0 = Debug|Any CPU
		{89E92DC0-C7E4-4D2C-BD10-D8C4E946AE7B}.Release|Any CPU.ActiveCfg = Release|Any CPU
		{89E92DC0-C7E4-4D2C-BD10-D8C4E946AE7B}.Release|Any CPU.Build.0 = Release|Any CPU
	EndGlobalSection
	GlobalSection(SolutionProperties) = preSolution
		HideSolutionNode = FALSE
	EndGlobalSection
	GlobalSection(ExtensibilityGlobals) = postSolution
		SolutionGuid = {DD28EFAD-9763-4DCF-9BEE-D95A3647C132}
	EndGlobalSection
EndGlobal
